
Microsoft Visual Studio Solution File, Format Version 12.00
# Visual Studio Version 17
VisualStudioVersion = 17.10.35004.147
MinimumVisualStudioVersion = 10.0.40219.1
Project("{FAE04EC0-301F-11D3-BF4B-00C04F79EFBC}") = "Teste1", "Teste1\Teste1.csproj", "{E45E0A6D-0DDE-44B2-930B-C4646371E2BC}"
EndProject
Project("{FAE04EC0-301F-11D3-BF4B-00C04F79EFBC}") = "Teste2", "Teste2\Teste2.csproj", "{ABC512FA-BEA3-41DD-82A4-8AD615E03570}"
EndProject
Global
	GlobalSection(SolutionConfigurationPlatforms) = preSolution
		Debug|Any CPU = Debug|Any CPU
		Release|Any CPU = Release|Any CPU
	EndGlobalSection
	GlobalSection(ProjectConfigurationPlatforms) = postSolution
		{E45E0A6D-0DDE-44B2-930B-C4646371E2BC}.Debug|Any CPU.ActiveCfg = Debug|Any CPU
		{E45E0A6D-0DDE-44B2-930B-C4646371E2BC}.Debug|Any CPU.Build.0 = Debug|Any CPU
		{E45E0A6D-0DDE-44B2-930B-C4646371E2BC}.Release|Any CPU.ActiveCfg = Release|Any CPU
		{E45E0A6D-0DDE-44B2-930B-C4646371E2BC}.Release|Any CPU.Build.0 = Release|Any CPU
		{ABC512FA-BEA3-41DD-82A4-8AD615E03570}.Debug|Any CPU.ActiveCfg = Debug|Any CPU
		{ABC512FA-BEA3-41DD-82A4-8AD615E03570}.Debug|Any CPU.Build.0 = Debug|Any CPU
		{ABC512FA-BEA3-41DD-82A4-8AD615E03570}.Release|Any CPU.ActiveCfg = Release|Any CPU
		{ABC512FA-BEA3-41DD-82A4-8AD615E03570}.Release|Any CPU.Build.0 = Release|Any CPU
	EndGlobalSection
	GlobalSection(SolutionProperties) = preSolution
		HideSolutionNode = FALSE
	EndGlobalSection
	GlobalSection(ExtensibilityGlobals) = postSolution
		SolutionGuid = {9207AB5F-E573-4E19-8E01-1EF7514F858E}
	EndGlobalSection
EndGlobal
